
Microsoft Visual Studio Solution File, Format Version 12.00
# Visual Studio Version 17
VisualStudioVersion = 17.13.35919.96 d17.13
MinimumVisualStudioVersion = 10.0.40219.1
Project("{FAE04EC0-301F-11D3-BF4B-00C04F79EFBC}") = "PsicologiaEscolar.API", "PsicologiaEscolar.API.csproj", "{F999B91D-8ABF-4E5B-A1D9-17A2F2813BBC}"
EndProject
Global
	GlobalSection(SolutionConfigurationPlatforms) = preSolution
		Debug|Any CPU = Debug|Any CPU
		Release|Any CPU = Release|Any CPU
	EndGlobalSection
	GlobalSection(ProjectConfigurationPlatforms) = postSolution
		{F999B91D-8ABF-4E5B-A1D9-17A2F2813BBC}.Debug|Any CPU.ActiveCfg = Debug|Any CPU
		{F999B91D-8ABF-4E5B-A1D9-17A2F2813BBC}.Debug|Any CPU.Build.0 = Debug|Any CPU
		{F999B91D-8ABF-4E5B-A1D9-17A2F2813BBC}.Release|Any CPU.ActiveCfg = Release|Any CPU
		{F999B91D-8ABF-4E5B-A1D9-17A2F2813BBC}.Release|Any CPU.Build.0 = Release|Any CPU
	EndGlobalSection
	GlobalSection(SolutionProperties) = preSolution
		HideSolutionNode = FALSE
	EndGlobalSection
	GlobalSection(ExtensibilityGlobals) = postSolution
		SolutionGuid = {FB163043-75F9-448B-A7FB-6A65B016DE75}
	EndGlobalSection
EndGlobal
